
Microsoft Visual Studio Solution File, Format Version 12.00
# Visual Studio Version 16
VisualStudioVersion = 16.0.31515.178
MinimumVisualStudioVersion = 10.0.40219.1
Project("{FAE04EC0-301F-11D3-BF4B-00C04F79EFBC}") = "SalaryApp", "SalaryApp.csproj", "{56F498EF-B014-44C4-9C35-276219AC5271}"
EndProject
Global
	GlobalSection(SolutionConfigurationPlatforms) = preSolution
		Debug|Any CPU = Debug|Any CPU
		Release|Any CPU = Release|Any CPU
	EndGlobalSection
	GlobalSection(ProjectConfigurationPlatforms) = postSolution
		{56F498EF-B014-44C4-9C35-276219AC5271}.Debug|Any CPU.ActiveCfg = Debug|Any CPU
		{56F498EF-B014-44C4-9C35-276219AC5271}.Debug|Any CPU.Build.0 = Debug|Any CPU
		{56F498EF-B014-44C4-9C35-276219AC5271}.Release|Any CPU.ActiveCfg = Release|Any CPU
		{56F498EF-B014-44C4-9C35-276219AC5271}.Release|Any CPU.Build.0 = Release|Any CPU
	EndGlobalSection
	GlobalSection(SolutionProperties) = preSolution
		HideSolutionNode = FALSE
	EndGlobalSection
	GlobalSection(ExtensibilityGlobals) = postSolution
		SolutionGuid = {88CE79B5-010E-4F45-94EE-D88BA3E71066}
	EndGlobalSection
EndGlobal
